// !$*UTF8*$!
{
	archiveVersion = 1;
	classes = {
	};
	objectVersion = 46;
	objects = {

/* Begin PBXBuildFile section */
		D4352D371B4F22BE004E31CE /* main.m in Sources */ = {isa = PBXBuildFile; fileRef = D4352D361B4F22BE004E31CE /* main.m */; };
		D4352D3A1B4F22BE004E31CE /* AppDelegate.m in Sources */ = {isa = PBXBuildFile; fileRef = D4352D391B4F22BE004E31CE /* AppDelegate.m */; };
		D4352D3D1B4F22BE004E31CE /* ViewController.m in Sources */ = {isa = PBXBuildFile; fileRef = D4352D3C1B4F22BE004E31CE /* ViewController.m */; };
		D4352D401B4F22BE004E31CE /* Main.storyboard in Resources */ = {isa = PBXBuildFile; fileRef = D4352D3E1B4F22BE004E31CE /* Main.storyboard */; };
		D4352D421B4F22BE004E31CE /* Images.xcassets in Resources */ = {isa = PBXBuildFile; fileRef = D4352D411B4F22BE004E31CE /* Images.xcassets */; };
		D4352D451B4F22BE004E31CE /* LaunchScreen.xib in Resources */ = {isa = PBXBuildFile; fileRef = D4352D431B4F22BE004E31CE /* LaunchScreen.xib */; };
		D4352D511B4F22BF004E31CE /* simple_signinTests.m in Sources */ = {isa = PBXBuildFile; fileRef = D4352D501B4F22BF004E31CE /* simple_signinTests.m */; };
		D4352D5D1B4F2DD7004E31CE /* ServiceConnector.m in Sources */ = {isa = PBXBuildFile; fileRef = D4352D5C1B4F2DD7004E31CE /* ServiceConnector.m */; };
		D4352D6B1B4F30FD004E31CE /* greetingViewController.m in Sources */ = {isa = PBXBuildFile; fileRef = D4352D6A1B4F30FD004E31CE /* greetingViewController.m */; };
/* End PBXBuildFile section */

/* Begin PBXContainerItemProxy section */
		D4352D4B1B4F22BF004E31CE /* PBXContainerItemProxy */ = {
			isa = PBXContainerItemProxy;
			containerPortal = D4352D291B4F22BE004E31CE /* Project object */;
			proxyType = 1;
			remoteGlobalIDString = D4352D301B4F22BE004E31CE;
			remoteInfo = simple_signin;
		};
/* End PBXContainerItemProxy section */

/* Begin PBXFileReference section */
		D4352D311B4F22BE004E31CE /* simple_signin.app */ = {isa = PBXFileReference; explicitFileType = wrapper.application; includeInIndex = 0; path = simple_signin.app; sourceTree = BUILT_PRODUCTS_DIR; };
		D4352D351B4F22BE004E31CE /* Info.plist */ = {isa = PBXFileReference; lastKnownFileType = text.plist.xml; path = Info.plist; sourceTree = "<group>"; };
		D4352D361B4F22BE004E31CE /* main.m */ = {isa = PBXFileReference; lastKnownFileType = sourcecode.c.objc; path = main.m; sourceTree = "<group>"; };
		D4352D381B4F22BE004E31CE /* AppDelegate.h */ = {isa = PBXFileReference; lastKnownFileType = sourcecode.c.h; path = AppDelegate.h; sourceTree = "<group>"; };
		D4352D391B4F22BE004E31CE /* AppDelegate.m */ = {isa = PBXFileReference; lastKnownFileType = sourcecode.c.objc; path = AppDelegate.m; sourceTree = "<group>"; };
		D4352D3B1B4F22BE004E31CE /* ViewController.h */ = {isa = PBXFileReference; lastKnownFileType = sourcecode.c.h; path = ViewController.h; sourceTree = "<group>"; };
		D4352D3C1B4F22BE004E31CE /* ViewController.m */ = {isa = PBXFileReference; lastKnownFileType = sourcecode.c.objc; path = ViewController.m; sourceTree = "<group>"; };
		D4352D3F1B4F22BE004E31CE /* Base */ = {isa = PBXFileReference; lastKnownFileType = file.storyboard; name = Base; path = Base.lproj/Main.storyboard; sourceTree = "<group>"; };
		D4352D411B4F22BE004E31CE /* Images.xcassets */ = {isa = PBXFileReference; lastKnownFileType = folder.assetcatalog; path = Images.xcassets; sourceTree = "<group>"; };
		D4352D441B4F22BE004E31CE /* Base */ = {isa = PBXFileReference; lastKnownFileType = file.xib; name = Base; path = Base.lproj/LaunchScreen.xib; sourceTree = "<group>"; };
		D4352D4A1B4F22BF004E31CE /* simple_signinTests.xctest */ = {isa = PBXFileReference; explicitFileType = wrapper.cfbundle; includeInIndex = 0; path = simple_signinTests.xctest; sourceTree = BUILT_PRODUCTS_DIR; };
		D4352D4F1B4F22BF004E31CE /* Info.plist */ = {isa = PBXFileReference; lastKnownFileType = text.plist.xml; path = Info.plist; sourceTree = "<group>"; };
		D4352D501B4F22BF004E31CE /* simple_signinTests.m */ = {isa = PBXFileReference; lastKnownFileType = sourcecode.c.objc; path = simple_signinTests.m; sourceTree = "<group>"; };
		D4352D5A1B4F22D6004E31CE /* JSONDictionaryExtensions.h */ = {isa = PBXFileReference; lastKnownFileType = sourcecode.c.h; path = JSONDictionaryExtensions.h; sourceTree = "<group>"; };
		D4352D5B1B4F2DD7004E31CE /* ServiceConnector.h */ = {isa = PBXFileReference; fileEncoding = 4; lastKnownFileType = sourcecode.c.h; path = ServiceConnector.h; sourceTree = "<group>"; };
		D4352D5C1B4F2DD7004E31CE /* ServiceConnector.m */ = {isa = PBXFileReference; fileEncoding = 4; lastKnownFileType = sourcecode.c.objc; path = ServiceConnector.m; sourceTree = "<group>"; };
		D4352D691B4F30FD004E31CE /* greetingViewController.h */ = {isa = PBXFileReference; fileEncoding = 4; lastKnownFileType = sourcecode.c.h; name = greetingViewController.h; path = ../greetingViewController.h; sourceTree = "<group>"; };
		D4352D6A1B4F30FD004E31CE /* greetingViewController.m */ = {isa = PBXFileReference; fileEncoding = 4; lastKnownFileType = sourcecode.c.objc; name = greetingViewController.m; path = ../greetingViewController.m; sourceTree = "<group>"; };
/* End PBXFileReference section */

/* Begin PBXFrameworksBuildPhase section */
		D4352D2E1B4F22BE004E31CE /* Frameworks */ = {
			isa = PBXFrameworksBuildPhase;
			buildActionMask = 2147483647;
			files = (
			);
			runOnlyForDeploymentPostprocessing = 0;
		};
		D4352D471B4F22BF004E31CE /* Frameworks */ = {
			isa = PBXFrameworksBuildPhase;
			buildActionMask = 2147483647;
			files = (
			);
			runOnlyForDeploymentPostprocessing = 0;
		};
/* End PBXFrameworksBuildPhase section */

/* Begin PBXGroup section */
		D4352D281B4F22BE004E31CE = {
			isa = PBXGroup;
			children = (
				D4352D331B4F22BE004E31CE /* simple_signin */,
				D4352D4D1B4F22BF004E31CE /* simple_signinTests */,
				D4352D321B4F22BE004E31CE /* Products */,
			);
			sourceTree = "<group>";
		};
		D4352D321B4F22BE004E31CE /* Products */ = {
			isa = PBXGroup;
			children = (
				D4352D311B4F22BE004E31CE /* simple_signin.app */,
				D4352D4A1B4F22BF004E31CE /* simple_signinTests.xctest */,
			);
			name = Products;
			sourceTree = "<group>";
		};
		D4352D331B4F22BE004E31CE /* simple_signin */ = {
			isa = PBXGroup;
			children = (
				D4352D5A1B4F22D6004E31CE /* JSONDictionaryExtensions.h */,
				D4352D381B4F22BE004E31CE /* AppDelegate.h */,
				D4352D391B4F22BE004E31CE /* AppDelegate.m */,
				D4352D3B1B4F22BE004E31CE /* ViewController.h */,
				D4352D3C1B4F22BE004E31CE /* ViewController.m */,
				D4352D691B4F30FD004E31CE /* greetingViewController.h */,
				D4352D6A1B4F30FD004E31CE /* greetingViewController.m */,
				D4352D3E1B4F22BE004E31CE /* Main.storyboard */,
				D4352D5B1B4F2DD7004E31CE /* ServiceConnector.h */,
				D4352D5C1B4F2DD7004E31CE /* ServiceConnector.m */,
				D4352D411B4F22BE004E31CE /* Images.xcassets */,
				D4352D431B4F22BE004E31CE /* LaunchScreen.xib */,
				D4352D341B4F22BE004E31CE /* Supporting Files */,
			);
			path = simple_signin;
			sourceTree = "<group>";
		};
		D4352D341B4F22BE004E31CE /* Supporting Files */ = {
			isa = PBXGroup;
			children = (
				D4352D351B4F22BE004E31CE /* Info.plist */,
				D4352D361B4F22BE004E31CE /* main.m */,
			);
			name = "Supporting Files";
			sourceTree = "<group>";
		};
		D4352D4D1B4F22BF004E31CE /* simple_signinTests */ = {
			isa = PBXGroup;
			children = (
				D4352D501B4F22BF004E31CE /* simple_signinTests.m */,
				D4352D4E1B4F22BF004E31CE /* Supporting Files */,
			);
			path = simple_signinTests;
			sourceTree = "<group>";
		};
		D4352D4E1B4F22BF004E31CE /* Supporting Files */ = {
			isa = PBXGroup;
			children = (
				D4352D4F1B4F22BF004E31CE /* Info.plist */,
			);
			name = "Supporting Files";
			sourceTree = "<group>";
		};
/* End PBXGroup section */

/* Begin PBXNativeTarget section */
		D4352D301B4F22BE004E31CE /* simple_signin */ = {
			isa = PBXNativeTarget;
			buildConfigurationList = D4352D541B4F22BF004E31CE /* Build configuration list for PBXNativeTarget "simple_signin" */;
			buildPhases = (
				D4352D2D1B4F22BE004E31CE /* Sources */,
				D4352D2E1B4F22BE004E31CE /* Frameworks */,
				D4352D2F1B4F22BE004E31CE /* Resources */,
			);
			buildRules = (
			);
			dependencies = (
			);
			name = simple_signin;
			productName = simple_signin;
			productReference = D4352D311B4F22BE004E31CE /* simple_signin.app */;
			productType = "com.apple.product-type.application";
		};
		D4352D491B4F22BF004E31CE /* simple_signinTests */ = {
			isa = PBXNativeTarget;
			buildConfigurationList = D4352D571B4F22BF004E31CE /* Build configuration list for PBXNativeTarget "simple_signinTests" */;
			buildPhases = (
				D4352D461B4F22BF004E31CE /* Sources */,
				D4352D471B4F22BF004E31CE /* Frameworks */,
				D4352D481B4F22BF004E31CE /* Resources */,
			);
			buildRules = (
			);
			dependencies = (
				D4352D4C1B4F22BF004E31CE /* PBXTargetDependency */,
			);
			name = simple_signinTests;
			productName = simple_signinTests;
			productReference = D4352D4A1B4F22BF004E31CE /* simple_signinTests.xctest */;
			productType = "com.apple.product-type.bundle.unit-test";
		};
/* End PBXNativeTarget section */

/* Begin PBXProject section */
		D4352D291B4F22BE004E31CE /* Project object */ = {
			isa = PBXProject;
			attributes = {
				LastUpgradeCheck = 0630;
				ORGANIZATIONNAME = Blackbird;
				TargetAttributes = {
					D4352D301B4F22BE004E31CE = {
						CreatedOnToolsVersion = 6.3.2;
					};
					D4352D491B4F22BF004E31CE = {
						CreatedOnToolsVersion = 6.3.2;
						TestTargetID = D4352D301B4F22BE004E31CE;
					};
				};
			};
			buildConfigurationList = D4352D2C1B4F22BE004E31CE /* Build configuration list for PBXProject "simple_signin" */;
			compatibilityVersion = "Xcode 3.2";
			developmentRegion = English;
			hasScannedForEncodings = 0;
			knownRegions = (
				en,
				Base,
			);
			mainGroup = D4352D281B4F22BE004E31CE;
			productRefGroup = D4352D321B4F22BE004E31CE /* Products */;
			projectDirPath = "";
			projectRoot = "";
			targets = (
				D4352D301B4F22BE004E31CE /* simple_signin */,
				D4352D491B4F22BF004E31CE /* simple_signinTests */,
			);
		};
/* End PBXProject section */

/* Begin PBXResourcesBuildPhase section */
		D4352D2F1B4F22BE004E31CE /* Resources */ = {
			isa = PBXResourcesBuildPhase;
			buildActionMask = 2147483647;
			files = (
				D4352D401B4F22BE004E31CE /* Main.storyboard in Resources */,
				D4352D451B4F22BE004E31CE /* LaunchScreen.xib in Resources */,
				D4352D421B4F22BE004E31CE /* Images.xcassets in Resources */,
			);
			runOnlyForDeploymentPostprocessing = 0;
		};
		D4352D481B4F22BF004E31CE /* Resources */ = {
			isa = PBXResourcesBuildPhase;
			buildActionMask = 2147483647;
			files = (
			);
			runOnlyForDeploymentPostprocessing = 0;
		};
/* End PBXResourcesBuildPhase section */

/* Begin PBXSourcesBuildPhase section */
		D4352D2D1B4F22BE004E31CE /* Sources */ = {
			isa = PBXSourcesBuildPhase;
			buildActionMask = 2147483647;
			files = (
				D4352D3D1B4F22BE004E31CE /* ViewController.m in Sources */,
				D4352D5D1B4F2DD7004E31CE /* ServiceConnector.m in Sources */,
				D4352D3A1B4F22BE004E31CE /* AppDelegate.m in Sources */,
				D4352D371B4F22BE004E31CE /* main.m in Sources */,
				D4352D6B1B4F30FD004E31CE /* greetingViewController.m in Sources */,
			);
			runOnlyForDeploymentPostprocessing = 0;
		};
		D4352D461B4F22BF004E31CE /* Sources */ = {
			isa = PBXSourcesBuildPhase;
			buildActionMask = 2147483647;
			files = (
				D4352D511B4F22BF004E31CE /* simple_signinTests.m in Sources */,
			);
			runOnlyForDeploymentPostprocessing = 0;
		};
/* End PBXSourcesBuildPhase section */

/* Begin PBXTargetDependency section */
		D4352D4C1B4F22BF004E31CE /* PBXTargetDependency */ = {
			isa = PBXTargetDependency;
			target = D4352D301B4F22BE004E31CE /* simple_signin */;
			targetProxy = D4352D4B1B4F22BF004E31CE /* PBXContainerItemProxy */;
		};
/* End PBXTargetDependency section */

/* Begin PBXVariantGroup section */
		D4352D3E1B4F22BE004E31CE /* Main.storyboard */ = {
			isa = PBXVariantGroup;
			children = (
				D4352D3F1B4F22BE004E31CE /* Base */,
			);
			name = Main.storyboard;
			sourceTree = "<group>";
		};
		D4352D431B4F22BE004E31CE /* LaunchScreen.xib */ = {
			isa = PBXVariantGroup;
			children = (
				D4352D441B4F22BE004E31CE /* Base */,
			);
			name = LaunchScreen.xib;
			sourceTree = "<group>";
		};
/* End PBXVariantGroup section */

/* Begin XCBuildConfiguration section */
		D4352D521B4F22BF004E31CE /* Debug */ = {
			isa = XCBuildConfiguration;
			buildSettings = {
				ALWAYS_SEARCH_USER_PATHS = NO;
				CLANG_CXX_LANGUAGE_STANDARD = "gnu++0x";
				CLANG_CXX_LIBRARY = "libc++";
				CLANG_ENABLE_MODULES = YES;
				CLANG_ENABLE_OBJC_ARC = YES;
				CLANG_WARN_BOOL_CONVERSION = YES;
				CLANG_WARN_CONSTANT_CONVERSION = YES;
				CLANG_WARN_DIRECT_OBJC_ISA_USAGE = YES_ERROR;
				CLANG_WARN_EMPTY_BODY = YES;
				CLANG_WARN_ENUM_CONVERSION = YES;
				CLANG_WARN_INT_CONVERSION = YES;
				CLANG_WARN_OBJC_ROOT_CLASS = YES_ERROR;
				CLANG_WARN_UNREACHABLE_CODE = YES;
				CLANG_WARN__DUPLICATE_METHOD_MATCH = YES;
				"CODE_SIGN_IDENTITY[sdk=iphoneos*]" = "iPhone Developer";
				COPY_PHASE_STRIP = NO;
				DEBUG_INFORMATION_FORMAT = "dwarf-with-dsym";
				ENABLE_STRICT_OBJC_MSGSEND = YES;
				GCC_C_LANGUAGE_STANDARD = gnu99;
				GCC_DYNAMIC_NO_PIC = NO;
				GCC_NO_COMMON_BLOCKS = YES;
				GCC_OPTIMIZATION_LEVEL = 0;
				GCC_PREPROCESSOR_DEFINITIONS = (
					"DEBUG=1",
					"$(inherited)",
				);
				GCC_SYMBOLS_PRIVATE_EXTERN = NO;
				GCC_WARN_64_TO_32_BIT_CONVERSION = YES;
				GCC_WARN_ABOUT_RETURN_TYPE = YES_ERROR;
				GCC_WARN_UNDECLARED_SELECTOR = YES;
				GCC_WARN_UNINITIALIZED_AUTOS = YES_AGGRESSIVE;
				GCC_WARN_UNUSED_FUNCTION = YES;
				GCC_WARN_UNUSED_VARIABLE = YES;
				IPHONEOS_DEPLOYMENT_TARGET = 8.3;
				MTL_ENABLE_DEBUG_INFO = YES;
				ONLY_ACTIVE_ARCH = YES;
				SDKROOT = iphoneos;
				TARGETED_DEVICE_FAMILY = "1,2";
			};
			name = Debug;
		};
		D4352D531B4F22BF004E31CE /* Release */ = {
			isa = XCBuildConfiguration;
			buildSettings = {
				ALWAYS_SEARCH_USER_PATHS = NO;
				CLANG_CXX_LANGUAGE_STANDARD = "gnu++0x";
				CLANG_CXX_LIBRARY = "libc++";
				CLANG_ENABLE_MODULES = YES;
				CLANG_ENABLE_OBJC_ARC = YES;
				CLANG_WARN_BOOL_CONVERSION = YES;
				CLANG_WARN_CONSTANT_CONVERSION = YES;
				CLANG_WARN_DIRECT_OBJC_ISA_USAGE = YES_ERROR;
				CLANG_WARN_EMPTY_BODY = YES;
				CLANG_WARN_ENUM_CONVERSION = YES;
				CLANG_WARN_INT_CONVERSION = YES;
				CLANG_WARN_OBJC_ROOT_CLASS = YES_ERROR;
				CLANG_WARN_UNREACHABLE_CODE = YES;
				CLANG_WARN__DUPLICATE_METHOD_MATCH = YES;
				"CODE_SIGN_IDENTITY[sdk=iphoneos*]" = "iPhone Developer";
				COPY_PHASE_STRIP = NO;
				DEBUG_INFORMATION_FORMAT = "dwarf-with-dsym";
				ENABLE_NS_ASSERTIONS = NO;
				ENABLE_STRICT_OBJC_MSGSEND = YES;
				GCC_C_LANGUAGE_STANDARD = gnu99;
				GCC_NO_COMMON_BLOCKS = YES;
				GCC_WARN_64_TO_32_BIT_CONVERSION = YES;
				GCC_WARN_ABOUT_RETURN_TYPE = YES_ERROR;
				GCC_WARN_UNDECLARED_SELECTOR = YES;
				GCC_WARN_UNINITIALIZED_AUTOS = YES_AGGRESSIVE;
				GCC_WARN_UNUSED_FUNCTION = YES;
				GCC_WARN_UNUSED_VARIABLE = YES;
				IPHONEOS_DEPLOYMENT_TARGET = 8.3;
				MTL_ENABLE_DEBUG_INFO = NO;
				SDKROOT = iphoneos;
				TARGETED_DEVICE_FAMILY = "1,2";
				VALIDATE_PRODUCT = YES;
			};
			name = Release;
		};
		D4352D551B4F22BF004E31CE /* Debug */ = {
			isa = XCBuildConfiguration;
			buildSettings = {
				ASSETCATALOG_COMPILER_APPICON_NAME = AppIcon;
				INFOPLIST_FILE = simple_signin/Info.plist;
				LD_RUNPATH_SEARCH_PATHS = "$(inherited) @executable_path/Frameworks";
				PRODUCT_NAME = "$(TARGET_NAME)";
			};
			name = Debug;
		};
		D4352D561B4F22BF004E31CE /* Release */ = {
			isa = XCBuildConfiguration;
			buildSettings = {
				ASSETCATALOG_COMPILER_APPICON_NAME = AppIcon;
				INFOPLIST_FILE = simple_signin/Info.plist;
				LD_RUNPATH_SEARCH_PATHS = "$(inherited) @executable_path/Frameworks";
				PRODUCT_NAME = "$(TARGET_NAME)";
			};
			name = Release;
		};
		D4352D581B4F22BF004E31CE /* Debug */ = {
			isa = XCBuildConfiguration;
			buildSettings = {
				BUNDLE_LOADER = "$(TEST_HOST)";
				FRAMEWORK_SEARCH_PATHS = (
					"$(SDKROOT)/Developer/Library/Frameworks",
					"$(inherited)",
				);
				GCC_PREPROCESSOR_DEFINITIONS = (
					"DEBUG=1",
					"$(inherited)",
				);
				INFOPLIST_FILE = simple_signinTests/Info.plist;
				LD_RUNPATH_SEARCH_PATHS = "$(inherited) @executable_path/Frameworks @loader_path/Frameworks";
				PRODUCT_NAME = "$(TARGET_NAME)";
				TEST_HOST = "$(BUILT_PRODUCTS_DIR)/simple_signin.app/simple_signin";
			};
			name = Debug;
		};
		D4352D591B4F22BF004E31CE /* Release */ = {
			isa = XCBuildConfiguration;
			buildSettings = {
				BUNDLE_LOADER = "$(TEST_HOST)";
				FRAMEWORK_SEARCH_PATHS = (
					"$(SDKROOT)/Developer/Library/Frameworks",
					"$(inherited)",
				);
				INFOPLIST_FILE = simple_signinTests/Info.plist;
				LD_RUNPATH_SEARCH_PATHS = "$(inherited) @executable_path/Frameworks @loader_path/Frameworks";
				PRODUCT_NAME = "$(TARGET_NAME)";
				TEST_HOST = "$(BUILT_PRODUCTS_DIR)/simple_signin.app/simple_signin";
			};
			name = Release;
		};
/* End XCBuildConfiguration section */

/* Begin XCConfigurationList section */
		D4352D2C1B4F22BE004E31CE /* Build configuration list for PBXProject "simple_signin" */ = {
			isa = XCConfigurationList;
			buildConfigurations = (
				D4352D521B4F22BF004E31CE /* Debug */,
				D4352D531B4F22BF004E31CE /* Release */,
			);
			defaultConfigurationIsVisible = 0;
			defaultConfigurationName = Release;
		};
		D4352D541B4F22BF004E31CE /* Build configuration list for PBXNativeTarget "simple_signin" */ = {
			isa = XCConfigurationList;
			buildConfigurations = (
				D4352D551B4F22BF004E31CE /* Debug */,
				D4352D561B4F22BF004E31CE /* Release */,
			);
			defaultConfigurationIsVisible = 0;
		};
		D4352D571B4F22BF004E31CE /* Build configuration list for PBXNativeTarget "simple_signinTests" */ = {
			isa = XCConfigurationList;
			buildConfigurations = (
				D4352D581B4F22BF004E31CE /* Debug */,
				D4352D591B4F22BF004E31CE /* Release */,
			);
			defaultConfigurationIsVisible = 0;
		};
/* End XCConfigurationList section */
	};
	rootObject = D4352D291B4F22BE004E31CE /* Project object */;
}
